
Microsoft Visual Studio Solution File, Format Version 12.00
# Visual Studio Version 17
VisualStudioVersion = 17.3.32922.545
MinimumVisualStudioVersion = 10.0.40219.1
Project("{FAE04EC0-301F-11D3-BF4B-00C04F79EFBC}") = "Stockfish", "Stockfish.csproj", "{7342F7E9-095F-4313-9B27-3E900850A0A7}"
EndProject
Global
	GlobalSection(SolutionConfigurationPlatforms) = preSolution
		Debug|Any CPU = Debug|Any CPU
		Release|Any CPU = Release|Any CPU
	EndGlobalSection
	GlobalSection(ProjectConfigurationPlatforms) = postSolution
		{7342F7E9-095F-4313-9B27-3E900850A0A7}.Debug|Any CPU.ActiveCfg = Debug|Any CPU
		{7342F7E9-095F-4313-9B27-3E900850A0A7}.Debug|Any CPU.Build.0 = Debug|Any CPU
		{7342F7E9-095F-4313-9B27-3E900850A0A7}.Release|Any CPU.ActiveCfg = Release|Any CPU
		{7342F7E9-095F-4313-9B27-3E900850A0A7}.Release|Any CPU.Build.0 = Release|Any CPU
	EndGlobalSection
	GlobalSection(SolutionProperties) = preSolution
		HideSolutionNode = FALSE
	EndGlobalSection
	GlobalSection(ExtensibilityGlobals) = postSolution
		SolutionGuid = {3977FC20-1AF6-4995-A102-49EFDF89030D}
	EndGlobalSection
EndGlobal
